schema: '2.0'
stages:
  preprocess:
    cmd: make preprocess
    deps:
    - path: Makefile
      md5: d62e8f95735ef3490994afb103c42617
      size: 247
    - path: src/preprocess.py
      md5: 69d0ba0ba335473fdd07c282d89a556c
      size: 2522
    outs:
    - path: data/interim/test.csv
      md5: 5e5b90a0bc68c27f29a012186dec431d
      size: 475151
    - path: data/interim/train.csv
      md5: 716cb9dd6ef32bd6cee097cb71ffc3c2
      size: 460771
  prepare_train_data:
    cmd: python src/prepare_train_data.py --train_size=0.9
    deps:
    - path: src/prepare_train_data.py
      md5: d5cdc13b56dd56a107b1eced3a075925
      size: 1568
    outs:
    - path: data/model_input/x_test.csv
      md5: cd95cad3643864f98fe413600fd84920
      size: 45729
    - path: data/model_input/x_train.csv
      md5: 9bfeaccec2b3e1017722faed3441c831
      size: 405726
    - path: data/model_input/y_test.csv
      md5: 5f0eb675df303fae4b219fec5f87072c
      size: 1636
    - path: data/model_input/y_train.csv
      md5: d65199fe5fd06e645ab7ad566e2eab94
      size: 14682
  train:
    cmd: python src/train.py
    deps:
    - path: data/model_input/x_train.csv
      md5: 9bfeaccec2b3e1017722faed3441c831
      size: 405726
    - path: data/model_input/y_train.csv
      md5: d65199fe5fd06e645ab7ad566e2eab94
      size: 14682
    - path: src/train.py
      md5: 1572821c65e8595feeac2fbcd726fec1
      size: 4012
    outs:
    - path: data/models/model.pickle
      md5: 2ae85866e7bea80b854c49ae03712cd1
      size: 26743
