schema: '2.0'
stages:
  preprocess:
    cmd: python ./houses/preprocess.py data/raw/train.csv data/interim/train.csv &
      python ./houses/preprocess.py data/raw/test.csv data/interim/test.csv
    deps:
    - path: data/raw/test.csv
      md5: dcec4b79bf9c7317bd9e17789bf888f0
      size: 451405
    - path: data/raw/train.csv
      md5: 80ccab65fb115cbad143dbbd2bcd5577
      size: 460676
    - path: houses/preprocess.py
      md5: 4912e2381d21f71648768603295c6d17
      size: 2485
    outs:
    - path: data/interim/test.csv
      md5: 5e5b90a0bc68c27f29a012186dec431d
      size: 475151
    - path: data/interim/train.csv
      md5: 716cb9dd6ef32bd6cee097cb71ffc3c2
      size: 460771
  prepare_train_data:
    cmd: python houses/prepare_train_data.py --train_size=0.9
    deps:
    - path: data/interim/train.csv
      md5: 716cb9dd6ef32bd6cee097cb71ffc3c2
      size: 460771
    - path: data/interim/train.csv
      md5: 716cb9dd6ef32bd6cee097cb71ffc3c2
      size: 460771
    - path: houses/prepare_train_data.py
      md5: 9e387ca89a2a2a45f4ed1f75a265fd49
      size: 1662
    outs:
    - path: data/model_input/x_test.csv
      md5: b771aa62c7bc03f55e950d2c89a9415f
      size: 45111
    - path: data/model_input/x_train.csv
      md5: 1f0b5ee7b93dd0d625860e8a720898b7
      size: 400152
    - path: data/model_input/y_test.csv
      md5: 863ce33a3043d25384f88543f9368d3c
      size: 1018
    - path: data/model_input/y_train.csv
      md5: b8fae22acabf88437c382094dbdad842
      size: 9108
  train:
    cmd: python houses/train.py
    deps:
    - path: data/model_input/x_train.csv
      md5: 1f0b5ee7b93dd0d625860e8a720898b7
      size: 400152
    - path: data/model_input/y_train.csv
      md5: b8fae22acabf88437c382094dbdad842
      size: 9108
    - path: houses/train.py
      md5: d828015502c1da9ff1bc3bb5c3374169
      size: 4311
    outs:
    - path: data/models/model.pickle
      md5: 4ef8f5e4a20f23f151a0f83d90e0ee29
      size: 25337
  evaluate:
    cmd: python houses/evaluate.py
    deps:
    - path: data/model_input/X_test.csv
      md5: b771aa62c7bc03f55e950d2c89a9415f
      size: 45111
    - path: data/model_input/x_train.csv
      md5: 1f0b5ee7b93dd0d625860e8a720898b7
      size: 400152
    - path: data/model_input/y_test.csv
      md5: 863ce33a3043d25384f88543f9368d3c
      size: 1018
    - path: data/model_input/y_train.csv
      md5: b8fae22acabf88437c382094dbdad842
      size: 9108
    - path: data/models/model.pickle
      md5: 4ef8f5e4a20f23f151a0f83d90e0ee29
      size: 25337
    - path: houses/evaluate.py
      md5: f6a76c0db7cb47b91184189a66bccafb
      size: 3224
    outs:
    - path: data/model_output/metrics.txt
      md5: e9ae8a4ab5885a72cfb1d70dde705835
      size: 66
    - path: data/model_output/permutation_feature_importance.png
      md5: 8e822707df06edd5455adf2e1695723e
      size: 39081
